# Generated by pub
# See https://dart.dev/tools/pub/glossary#lockfile
packages:
  args:
    dependency: transitive
    description:
      name: args
      sha256: d0481093c50b1da8910eb0bb301626d4d8eb7284aa739614d2b394ee09e3ea04
      url: "https://pub.dev"
    source: hosted
    version: "2.7.0"
  asn1lib:
    dependency: transitive
    description:
      name: asn1lib
      sha256: "9a8f69025044eb466b9b60ef3bc3ac99b4dc6c158ae9c56d25eeccf5bc56d024"
      url: "https://pub.dev"
    source: hosted
    version: "1.6.5"
  async:
    dependency: transitive
    description:
      name: async
      sha256: e2eb0491ba5ddb6177742d2da23904574082139b07c1e33b8503b9f46f3e1a37
      url: "https://pub.dev"
    source: hosted
    version: "2.13.1"
  clock:
    dependency: transitive
    description:
      name: clock
      sha256: e51d50bca3217c9a9fa2b41a30e4a38971133f5f9ec7a3d57bae095007f1d28e
      url: "https://pub.dev"
    source: hosted
    version: "1.1.3"
  collection:
    dependency: transitive
    description:
      name: collection
      sha256: "2f5709ae4d3d59dd8f7cd309b4e023046b57d8a6c82130785d2b0e5868084e76"
      url: "https://pub.dev"
    source: hosted
    version: "1.19.1"
  convert:
    dependency: transitive
    description:
      name: convert
      sha256: b30acd5944035672bc15c6b7a8b47d773e41e2f17de064350988c5d02adb1c68
      url: "https://pub.dev"
    source: hosted
    version: "3.1.2"
  crypto:
    dependency: transitive
    description:
      name: crypto
      sha256: c8ea0233063ba03258fbcf2ca4d6dadfefe14f02fab57702265467a19f27fadf
      url: "https://pub.dev"
    source: hosted
    version: "3.0.7"
  dio:
    dependency: transitive
    description:
      name: dio
      sha256: "852ec3b48cc431ac04fff978413c541502b67ffc3e26921e74e3d994694192c1"
      url: "https://pub.dev"
    source: hosted
    version: "5.11.1"
  dio_web_adapter:
    dependency: transitive
    description:
      name: dio_web_adapter
      sha256: "3a1b2cd7be71086f38504956e3ebcd2837288d231ff454bafa78021244102bfc"
      url: "https://pub.dev"
    source: hosted
    version: "2.2.2"
  encrypt:
    dependency: transitive
    description:
      name: encrypt
      sha256: "62d9aa4670cc2a8798bab89b39fc71b6dfbacf615de6cf5001fb39f7e4a996a2"
      url: "https://pub.dev"
    source: hosted
    version: "5.0.3"
  fixnum:
    dependency: transitive
    description:
      name: fixnum
      sha256: b6dc7065e46c974bc7c5f143080a6764ec7a4be6da1285ececdc37be96de53be
      url: "https://pub.dev"
    source: hosted
    version: "1.1.1"
  http_parser:
    dependency: transitive
    description:
      name: http_parser
      sha256: "178d74305e7866013777bab2c3d8726205dc5a4dd935297175b19a23a2e66571"
      url: "https://pub.dev"
    source: hosted
    version: "4.1.2"
  js:
    dependency: transitive
    description:
      name: js
      sha256: "53385261521cc4a0c4658fd0ad07a7d14591cf8fc33abbceae306ddb974888dc"
      url: "https://pub.dev"
    source: hosted
    version: "0.7.2"
  json_annotation:
    dependency: transitive
    description:
      name: json_annotation
      sha256: "2a743920d81b7910627f68ee2c9ac1fc0bfee32b9fc3403587d7c6791ca12f80"
      url: "https://pub.dev"
    source: hosted
    version: "4.12.0"
  meta:
    dependency: transitive
    description:
      name: meta
      sha256: "307249ce4ff29d58a18e97f6345f539382eb9c9c29ecda628900f31de0443dd9"
      url: "https://pub.dev"
    source: hosted
    version: "1.19.0"
  mime:
    dependency: transitive
    description:
      name: mime
      sha256: bd47de35f07e27267e69c8c8b22edf9473bfee170a60d60fcc93730c5144b7f6
      url: "https://pub.dev"
    source: hosted
    version: "2.1.0"
  nemc_support_dart:
    dependency: "direct main"
    description:
      path: "../../../nemc_support_dart"
      relative: true
    source: path
    version: "1.0.0"
  path:
    dependency: transitive
    description:
      name: path
      sha256: "75cca69d1490965be98c73ceaea117e8a04dd21217b37b292c9ddbec0d955bc5"
      url: "https://pub.dev"
    source: hosted
    version: "1.9.1"
  pointycastle:
    dependency: transitive
    description:
      name: pointycastle
      sha256: "4be0097fcf3fd3e8449e53730c631200ebc7b88016acecab2b0da2f0149222fe"
      url: "https://pub.dev"
    source: hosted
    version: "3.9.1"
  source_span:
    dependency: transitive
    description:
      name: source_span
      sha256: "56a02f1f4cd1a2d96303c0144c93bd6d909eea6bee6bf5a0e0b685edbd4c47ab"
      url: "https://pub.dev"
    source: hosted
    version: "1.10.2"
  string_scanner:
    dependency: transitive
    description:
      name: string_scanner
      sha256: "921cd31725b72fe181906c6a94d987c78e3b98c2e205b397ea399d4054872b43"
      url: "https://pub.dev"
    source: hosted
    version: "1.4.1"
  term_glyph:
    dependency: transitive
    description:
      name: term_glyph
      sha256: "7f554798625ea768a7518313e58f83891c7f5024f88e46e7182a4558850a4b8e"
      url: "https://pub.dev"
    source: hosted
    version: "1.2.2"
  typed_data:
    dependency: transitive
    description:
      name: typed_data
      sha256: f9049c039ebfeb4cf7a7104a675823cd72dba8297f264b6637062516699fa006
      url: "https://pub.dev"
    source: hosted
    version: "1.4.0"
  uuid:
    dependency: transitive
    description:
      name: uuid
      sha256: "9b129329f58692f6e6578329498a8fe9fbe98f090beb764ffbb8ee2eadd01dcd"
      url: "https://pub.dev"
    source: hosted
    version: "4.6.0"
  web:
    dependency: transitive
    description:
      name: web
      sha256: "868d88a33d8a87b18ffc05f9f030ba328ffefba92d6c127917a2ba740f9cfe4a"
      url: "https://pub.dev"
    source: hosted
    version: "1.1.1"
sdks:
  dart: ">=3.12.2 <4.0.0"
